dependencies:
  espressif/esp_jpeg:
    dependencies: []
    source:
      path: managed_components\espressif__esp_jpeg
      type: local
    version: 1.3.1
  espressif/mqtt:
    dependencies: []
    source:
      path: managed_components\espressif__mqtt
      type: local
    version: 1.0.0
  idf:
    source:
      type: idf
    version: 6.0.1
direct_dependencies:
- espressif/esp_jpeg
- espressif/mqtt
- idf
manifest_hash: 9c0dd832c76bdf1e5ab0425fb22c251c5b1524c2ca8af58ecb181149f3430f13
target: esp32s3
version: 3.0.0
